
Microsoft Visual Studio Solution File, Format Version 12.00
# Visual Studio Version 17
VisualStudioVersion = 17.6.33829.357
MinimumVisualStudioVersion = 10.0.40219.1
Project("{FAE04EC0-301F-11D3-BF4B-00C04F79EFBC}") = "SwiftSales.Domain", "SwiftSales.Domain\SwiftSales.Domain.csproj", "{E708DD5C-43F2-4700-B3B3-5679E5363C16}"
EndProject
Project("{2150E333-8FDC-42A3-9474-1A3956D46DE8}") = "Api", "Api", "{8EA89160-52A7-4B52-932E-37085194B9D5}"
EndProject
Project("{2150E333-8FDC-42A3-9474-1A3956D46DE8}") = "Core", "Core", "{1EDDBF34-814A-4FC8-9D69-F953012EBB48}"
EndProject
Project("{2150E333-8FDC-42A3-9474-1A3956D46DE8}") = "Infrastructure", "Infrastructure", "{7BF1DE32-1FE4-4C2F-8A85-5DB3F54DA877}"
EndProject
Project("{2150E333-8FDC-42A3-9474-1A3956D46DE8}") = "src", "src", "{3DD0201F-3755-4765-BF0B-AFB08A0B8983}"
EndProject
Project("{2150E333-8FDC-42A3-9474-1A3956D46DE8}") = "tests", "tests", "{BAA9D2FD-0BF4-4CF2-94CB-15BF57798FA4}"
EndProject
Project("{2150E333-8FDC-42A3-9474-1A3956D46DE8}") = "UI", "UI", "{53F43716-A1A4-4069-84A1-8EE2985BB638}"
EndProject
Project("{FAE04EC0-301F-11D3-BF4B-00C04F79EFBC}") = "SwiftSales.Application", "SwiftSales.Application\SwiftSales.Application.csproj", "{D3E9E90C-F0A3-4393-A641-610CA42CE553}"
EndProject
Project("{FAE04EC0-301F-11D3-BF4B-00C04F79EFBC}") = "SwiftSales.Api", "SwiftSales.Api\SwiftSales.Api.csproj", "{ABD8FDDE-8F96-4E99-8EEA-545022D9E6BB}"
EndProject
Project("{FAE04EC0-301F-11D3-BF4B-00C04F79EFBC}") = "SwiftSales.Infrastructure", "SwiftSales.Infrastructure\SwiftSales.Infrastructure.csproj", "{27C4542A-7AEC-4FF7-8098-F96A80D63841}"
EndProject
Project("{FAE04EC0-301F-11D3-BF4B-00C04F79EFBC}") = "SwiftSales.Persistence", "SwiftSales.Persistence\SwiftSales.Persistence.csproj", "{3C7E7B31-92C5-4187-A6C7-6EA017D4A9C1}"
EndProject
Project("{FAE04EC0-301F-11D3-BF4B-00C04F79EFBC}") = "SwiftSales.App", "SwiftSales.App\SwiftSales.App.csproj", "{E5E02493-B671-4D94-B58C-245A1100225A}"
EndProject
Project("{FAE04EC0-301F-11D3-BF4B-00C04F79EFBC}") = "SwiftSales.Api.IntegrationTests", "SwiftSales.Api.IntegrationTests\SwiftSales.Api.IntegrationTests.csproj", "{B0AA4D98-5ED1-4F77-804D-6AD1151C3EF4}"
EndProject
Project("{FAE04EC0-301F-11D3-BF4B-00C04F79EFBC}") = "SwiftSales.Application.UnitTests", "SwiftSales.Application.UnitTests\SwiftSales.Application.UnitTests.csproj", "{17A7AAEE-CBD8-47AE-AA8C-F0D7CF2C2A37}"
EndProject
Project("{FAE04EC0-301F-11D3-BF4B-00C04F79EFBC}") = "SwiftSales.Persistence.IntegrationTests", "SwiftSales.Persistence.IntegrationTests\SwiftSales.Persistence.IntegrationTests.csproj", "{3800D0D7-C145-4580-A3BC-DCB84D918733}"
EndProject
Project("{FAE04EC0-301F-11D3-BF4B-00C04F79EFBC}") = "SwiftSales.App.UnitTests", "SwiftSales.App.UnitTests\SwiftSales.App.UnitTests.csproj", "{EF2EA9F5-0E17-4EAA-B118-0DF32BE63F34}"
EndProject
Project("{FAE04EC0-301F-11D3-BF4B-00C04F79EFBC}") = "SwiftSales.Identity", "SwiftSales.Identity\SwiftSales.Identity.csproj", "{604F0CCD-C767-4C0A-84BD-53AC45DB888C}"
EndProject
Global
	GlobalSection(SolutionConfigurationPlatforms) = preSolution
		Debug|Any CPU = Debug|Any CPU
		Release|Any CPU = Release|Any CPU
	EndGlobalSection
	GlobalSection(ProjectConfigurationPlatforms) = postSolution
		{E708DD5C-43F2-4700-B3B3-5679E5363C16}.Debug|Any CPU.ActiveCfg = Debug|Any CPU
		{E708DD5C-43F2-4700-B3B3-5679E5363C16}.Debug|Any CPU.Build.0 = Debug|Any CPU
		{E708DD5C-43F2-4700-B3B3-5679E5363C16}.Release|Any CPU.ActiveCfg = Release|Any CPU
		{E708DD5C-43F2-4700-B3B3-5679E5363C16}.Release|Any CPU.Build.0 = Release|Any CPU
		{D3E9E90C-F0A3-4393-A641-610CA42CE553}.Debug|Any CPU.ActiveCfg = Debug|Any CPU
		{D3E9E90C-F0A3-4393-A641-610CA42CE553}.Debug|Any CPU.Build.0 = Debug|Any CPU
		{D3E9E90C-F0A3-4393-A641-610CA42CE553}.Release|Any CPU.ActiveCfg = Release|Any CPU
		{D3E9E90C-F0A3-4393-A641-610CA42CE553}.Release|Any CPU.Build.0 = Release|Any CPU
		{ABD8FDDE-8F96-4E99-8EEA-545022D9E6BB}.Debug|Any CPU.ActiveCfg = Debug|Any CPU
		{ABD8FDDE-8F96-4E99-8EEA-545022D9E6BB}.Debug|Any CPU.Build.0 = Debug|Any CPU
		{ABD8FDDE-8F96-4E99-8EEA-545022D9E6BB}.Release|Any CPU.ActiveCfg = Release|Any CPU
		{ABD8FDDE-8F96-4E99-8EEA-545022D9E6BB}.Release|Any CPU.Build.0 = Release|Any CPU
		{27C4542A-7AEC-4FF7-8098-F96A80D63841}.Debug|Any CPU.ActiveCfg = Debug|Any CPU
		{27C4542A-7AEC-4FF7-8098-F96A80D63841}.Debug|Any CPU.Build.0 = Debug|Any CPU
		{27C4542A-7AEC-4FF7-8098-F96A80D63841}.Release|Any CPU.ActiveCfg = Release|Any CPU
		{27C4542A-7AEC-4FF7-8098-F96A80D63841}.Release|Any CPU.Build.0 = Release|Any CPU
		{3C7E7B31-92C5-4187-A6C7-6EA017D4A9C1}.Debug|Any CPU.ActiveCfg = Debug|Any CPU
		{3C7E7B31-92C5-4187-A6C7-6EA017D4A9C1}.Debug|Any CPU.Build.0 = Debug|Any CPU
		{3C7E7B31-92C5-4187-A6C7-6EA017D4A9C1}.Release|Any CPU.ActiveCfg = Release|Any CPU
		{3C7E7B31-92C5-4187-A6C7-6EA017D4A9C1}.Release|Any CPU.Build.0 = Release|Any CPU
		{E5E02493-B671-4D94-B58C-245A1100225A}.Debug|Any CPU.ActiveCfg = Debug|Any CPU
		{E5E02493-B671-4D94-B58C-245A1100225A}.Debug|Any CPU.Build.0 = Debug|Any CPU
		{E5E02493-B671-4D94-B58C-245A1100225A}.Release|Any CPU.ActiveCfg = Release|Any CPU
		{E5E02493-B671-4D94-B58C-245A1100225A}.Release|Any CPU.Build.0 = Release|Any CPU
		{B0AA4D98-5ED1-4F77-804D-6AD1151C3EF4}.Debug|Any CPU.ActiveCfg = Debug|Any CPU
		{B0AA4D98-5ED1-4F77-804D-6AD1151C3EF4}.Debug|Any CPU.Build.0 = Debug|Any CPU
		{B0AA4D98-5ED1-4F77-804D-6AD1151C3EF4}.Release|Any CPU.ActiveCfg = Release|Any CPU
		{B0AA4D98-5ED1-4F77-804D-6AD1151C3EF4}.Release|Any CPU.Build.0 = Release|Any CPU
		{17A7AAEE-CBD8-47AE-AA8C-F0D7CF2C2A37}.Debug|Any CPU.ActiveCfg = Debug|Any CPU
		{17A7AAEE-CBD8-47AE-AA8C-F0D7CF2C2A37}.Debug|Any CPU.Build.0 = Debug|Any CPU
		{17A7AAEE-CBD8-47AE-AA8C-F0D7CF2C2A37}.Release|Any CPU.ActiveCfg = Release|Any CPU
		{17A7AAEE-CBD8-47AE-AA8C-F0D7CF2C2A37}.Release|Any CPU.Build.0 = Release|Any CPU
		{3800D0D7-C145-4580-A3BC-DCB84D918733}.Debug|Any CPU.ActiveCfg = Debug|Any CPU
		{3800D0D7-C145-4580-A3BC-DCB84D918733}.Debug|Any CPU.Build.0 = Debug|Any CPU
		{3800D0D7-C145-4580-A3BC-DCB84D918733}.Release|Any CPU.ActiveCfg = Release|Any CPU
		{3800D0D7-C145-4580-A3BC-DCB84D918733}.Release|Any CPU.Build.0 = Release|Any CPU
		{EF2EA9F5-0E17-4EAA-B118-0DF32BE63F34}.Debug|Any CPU.ActiveCfg = Debug|Any CPU
		{EF2EA9F5-0E17-4EAA-B118-0DF32BE63F34}.Debug|Any CPU.Build.0 = Debug|Any CPU
		{EF2EA9F5-0E17-4EAA-B118-0DF32BE63F34}.Release|Any CPU.ActiveCfg = Release|Any CPU
		{EF2EA9F5-0E17-4EAA-B118-0DF32BE63F34}.Release|Any CPU.Build.0 = Release|Any CPU
		{604F0CCD-C767-4C0A-84BD-53AC45DB888C}.Debug|Any CPU.ActiveCfg = Debug|Any CPU
		{604F0CCD-C767-4C0A-84BD-53AC45DB888C}.Debug|Any CPU.Build.0 = Debug|Any CPU
		{604F0CCD-C767-4C0A-84BD-53AC45DB888C}.Release|Any CPU.ActiveCfg = Release|Any CPU
		{604F0CCD-C767-4C0A-84BD-53AC45DB888C}.Release|Any CPU.Build.0 = Release|Any CPU
	EndGlobalSection
	GlobalSection(SolutionProperties) = preSolution
		HideSolutionNode = FALSE
	EndGlobalSection
	GlobalSection(NestedProjects) = preSolution
		{E708DD5C-43F2-4700-B3B3-5679E5363C16} = {1EDDBF34-814A-4FC8-9D69-F953012EBB48}
		{8EA89160-52A7-4B52-932E-37085194B9D5} = {3DD0201F-3755-4765-BF0B-AFB08A0B8983}
		{1EDDBF34-814A-4FC8-9D69-F953012EBB48} = {3DD0201F-3755-4765-BF0B-AFB08A0B8983}
		{7BF1DE32-1FE4-4C2F-8A85-5DB3F54DA877} = {3DD0201F-3755-4765-BF0B-AFB08A0B8983}
		{53F43716-A1A4-4069-84A1-8EE2985BB638} = {3DD0201F-3755-4765-BF0B-AFB08A0B8983}
		{D3E9E90C-F0A3-4393-A641-610CA42CE553} = {1EDDBF34-814A-4FC8-9D69-F953012EBB48}
		{ABD8FDDE-8F96-4E99-8EEA-545022D9E6BB} = {8EA89160-52A7-4B52-932E-37085194B9D5}
		{27C4542A-7AEC-4FF7-8098-F96A80D63841} = {7BF1DE32-1FE4-4C2F-8A85-5DB3F54DA877}
		{3C7E7B31-92C5-4187-A6C7-6EA017D4A9C1} = {7BF1DE32-1FE4-4C2F-8A85-5DB3F54DA877}
		{E5E02493-B671-4D94-B58C-245A1100225A} = {53F43716-A1A4-4069-84A1-8EE2985BB638}
		{B0AA4D98-5ED1-4F77-804D-6AD1151C3EF4} = {BAA9D2FD-0BF4-4CF2-94CB-15BF57798FA4}
		{17A7AAEE-CBD8-47AE-AA8C-F0D7CF2C2A37} = {BAA9D2FD-0BF4-4CF2-94CB-15BF57798FA4}
		{3800D0D7-C145-4580-A3BC-DCB84D918733} = {BAA9D2FD-0BF4-4CF2-94CB-15BF57798FA4}
		{EF2EA9F5-0E17-4EAA-B118-0DF32BE63F34} = {BAA9D2FD-0BF4-4CF2-94CB-15BF57798FA4}
		{604F0CCD-C767-4C0A-84BD-53AC45DB888C} = {7BF1DE32-1FE4-4C2F-8A85-5DB3F54DA877}
	EndGlobalSection
	GlobalSection(ExtensibilityGlobals) = postSolution
		SolutionGuid = {7265E8E2-2CD8-4E36-BC5B-41A8F66526F9}
	EndGlobalSection
EndGlobal
