
Microsoft Visual Studio Solution File, Format Version 12.00
# Visual Studio Version 17
VisualStudioVersion = 17.6.33829.357
MinimumVisualStudioVersion = 10.0.40219.1
Project("{FAE04EC0-301F-11D3-BF4B-00C04F79EFBC}") = "SwiftSales.Domain", "SwiftSales.Domain\SwiftSales.Domain.csproj", "{E708DD5C-43F2-4700-B3B3-5679E5363C16}"
EndProject
Project("{2150E333-8FDC-42A3-9474-1A3956D46DE8}") = "Api", "Api", "{8EA89160-52A7-4B52-932E-37085194B9D5}"
EndProject
Project("{2150E333-8FDC-42A3-9474-1A3956D46DE8}") = "Core", "Core", "{1EDDBF34-814A-4FC8-9D69-F953012EBB48}"
EndProject
Project("{2150E333-8FDC-42A3-9474-1A3956D46DE8}") = "Infrastructure", "Infrastructure", "{7BF1DE32-1FE4-4C2F-8A85-5DB3F54DA877}"
EndProject
Project("{2150E333-8FDC-42A3-9474-1A3956D46DE8}") = "src", "src", "{3DD0201F-3755-4765-BF0B-AFB08A0B8983}"
EndProject
Project("{2150E333-8FDC-42A3-9474-1A3956D46DE8}") = "tests", "tests", "{BAA9D2FD-0BF4-4CF2-94CB-15BF57798FA4}"
EndProject
Project("{2150E333-8FDC-42A3-9474-1A3956D46DE8}") = "UI", "UI", "{53F43716-A1A4-4069-84A1-8EE2985BB638}"
EndProject
Global
	GlobalSection(SolutionConfigurationPlatforms) = preSolution
		Debug|Any CPU = Debug|Any CPU
		Release|Any CPU = Release|Any CPU
	EndGlobalSection
	GlobalSection(ProjectConfigurationPlatforms) = postSolution
		{E708DD5C-43F2-4700-B3B3-5679E5363C16}.Debug|Any CPU.ActiveCfg = Debug|Any CPU
		{E708DD5C-43F2-4700-B3B3-5679E5363C16}.Debug|Any CPU.Build.0 = Debug|Any CPU
		{E708DD5C-43F2-4700-B3B3-5679E5363C16}.Release|Any CPU.ActiveCfg = Release|Any CPU
		{E708DD5C-43F2-4700-B3B3-5679E5363C16}.Release|Any CPU.Build.0 = Release|Any CPU
	EndGlobalSection
	GlobalSection(SolutionProperties) = preSolution
		HideSolutionNode = FALSE
	EndGlobalSection
	GlobalSection(NestedProjects) = preSolution
		{E708DD5C-43F2-4700-B3B3-5679E5363C16} = {1EDDBF34-814A-4FC8-9D69-F953012EBB48}
		{8EA89160-52A7-4B52-932E-37085194B9D5} = {3DD0201F-3755-4765-BF0B-AFB08A0B8983}
		{1EDDBF34-814A-4FC8-9D69-F953012EBB48} = {3DD0201F-3755-4765-BF0B-AFB08A0B8983}
		{7BF1DE32-1FE4-4C2F-8A85-5DB3F54DA877} = {3DD0201F-3755-4765-BF0B-AFB08A0B8983}
		{53F43716-A1A4-4069-84A1-8EE2985BB638} = {3DD0201F-3755-4765-BF0B-AFB08A0B8983}
	EndGlobalSection
	GlobalSection(ExtensibilityGlobals) = postSolution
		SolutionGuid = {7265E8E2-2CD8-4E36-BC5B-41A8F66526F9}
	EndGlobalSection
EndGlobal
